
Microsoft Visual Studio Solution File, Format Version 12.00
# Visual Studio Version 16
VisualStudioVersion = 16.0.34902.97
MinimumVisualStudioVersion = 10.0.40219.1
Project("{C9674DCB-5085-4A16-B785-4C70DD1589BD}") = "test", "test\test.dtproj", "{25479A65-FDBA-4B8A-8046-2AF0889761C3}"
EndProject
Global
	GlobalSection(SolutionConfigurationPlatforms) = preSolution
		Development|Default = Development|Default
	EndGlobalSection
	GlobalSection(ProjectConfigurationPlatforms) = postSolution
		{25479A65-FDBA-4B8A-8046-2AF0889761C3}.Development|Default.ActiveCfg = Development
		{25479A65-FDBA-4B8A-8046-2AF0889761C3}.Development|Default.Build.0 = Development
	EndGlobalSection
	GlobalSection(SolutionProperties) = preSolution
		HideSolutionNode = FALSE
	EndGlobalSection
	GlobalSection(ExtensibilityGlobals) = postSolution
		SolutionGuid = {42644BEA-85CB-44B5-80E6-153B758317E3}
	EndGlobalSection
EndGlobal
